
Microsoft Visual Studio Solution File, Format Version 12.00
# Visual Studio Version 16
VisualStudioVersion = 16.0.29920.165
MinimumVisualStudioVersion = 10.0.40219.1
Project("{2150E333-8FDC-42A3-9474-1A3956D46DE8}") = "Infrastructure", "Infrastructure", "{0ABCCDF6-B0C0-4480-AD9E-185F5CCF4D60}"
EndProject
Project("{2150E333-8FDC-42A3-9474-1A3956D46DE8}") = "Kernel", "Kernel", "{2EDCEE8E-812C-46D5-998A-BA39C14ED87C}"
EndProject
Project("{FAE04EC0-301F-11D3-BF4B-00C04F79EFBC}") = "CleanArchitecture.Domain", "CleanArchitecture.Domain\CleanArchitecture.Domain.csproj", "{30E21912-329B-4C51-B29D-515DA3421D25}"
EndProject
Project("{FAE04EC0-301F-11D3-BF4B-00C04F79EFBC}") = "CleanArchitecture.Common", "CleanArchitecture.Common\CleanArchitecture.Common.csproj", "{3FBA4230-9466-43CE-B7C8-A77C8ADF8589}"
EndProject
Project("{2150E333-8FDC-42A3-9474-1A3956D46DE8}") = "Consoles", "Consoles", "{552F0A79-E7BE-4EAC-984F-A51700129E64}"
EndProject
Project("{FAE04EC0-301F-11D3-BF4B-00C04F79EFBC}") = "CleanArchitecture.Infrastructure", "CleanArchitecture.Infrastructure\CleanArchitecture.Infrastructure.csproj", "{3DFA4328-4870-4EB7-B9BA-4923AC0CDAB1}"
EndProject
Global
	GlobalSection(SolutionConfigurationPlatforms) = preSolution
		Debug|Any CPU = Debug|Any CPU
		Release|Any CPU = Release|Any CPU
	EndGlobalSection
	GlobalSection(ProjectConfigurationPlatforms) = postSolution
		{30E21912-329B-4C51-B29D-515DA3421D25}.Debug|Any CPU.ActiveCfg = Debug|Any CPU
		{30E21912-329B-4C51-B29D-515DA3421D25}.Debug|Any CPU.Build.0 = Debug|Any CPU
		{30E21912-329B-4C51-B29D-515DA3421D25}.Release|Any CPU.ActiveCfg = Release|Any CPU
		{30E21912-329B-4C51-B29D-515DA3421D25}.Release|Any CPU.Build.0 = Release|Any CPU
		{3FBA4230-9466-43CE-B7C8-A77C8ADF8589}.Debug|Any CPU.ActiveCfg = Debug|Any CPU
		{3FBA4230-9466-43CE-B7C8-A77C8ADF8589}.Debug|Any CPU.Build.0 = Debug|Any CPU
		{3FBA4230-9466-43CE-B7C8-A77C8ADF8589}.Release|Any CPU.ActiveCfg = Release|Any CPU
		{3FBA4230-9466-43CE-B7C8-A77C8ADF8589}.Release|Any CPU.Build.0 = Release|Any CPU
		{3DFA4328-4870-4EB7-B9BA-4923AC0CDAB1}.Debug|Any CPU.ActiveCfg = Debug|Any CPU
		{3DFA4328-4870-4EB7-B9BA-4923AC0CDAB1}.Debug|Any CPU.Build.0 = Debug|Any CPU
		{3DFA4328-4870-4EB7-B9BA-4923AC0CDAB1}.Release|Any CPU.ActiveCfg = Release|Any CPU
		{3DFA4328-4870-4EB7-B9BA-4923AC0CDAB1}.Release|Any CPU.Build.0 = Release|Any CPU
	EndGlobalSection
	GlobalSection(SolutionProperties) = preSolution
		HideSolutionNode = FALSE
	EndGlobalSection
	GlobalSection(NestedProjects) = preSolution
		{30E21912-329B-4C51-B29D-515DA3421D25} = {2EDCEE8E-812C-46D5-998A-BA39C14ED87C}
		{3FBA4230-9466-43CE-B7C8-A77C8ADF8589} = {2EDCEE8E-812C-46D5-998A-BA39C14ED87C}
		{3DFA4328-4870-4EB7-B9BA-4923AC0CDAB1} = {0ABCCDF6-B0C0-4480-AD9E-185F5CCF4D60}
	EndGlobalSection
	GlobalSection(ExtensibilityGlobals) = postSolution
		SolutionGuid = {9DE5981D-ED3D-4017-9053-899216190694}
	EndGlobalSection
EndGlobal
